
Microsoft Visual Studio Solution File, Format Version 12.00
# Visual Studio Version 16
VisualStudioVersion = 16.0.28729.10
MinimumVisualStudioVersion = 10.0.40219.1
Project("{9A19103F-16F7-4668-BE54-9A1E7A4F7556}") = "P7Corp.IdentityServer4Extras", "IdentityServer4Extras\P7Corp.IdentityServer4Extras.csproj", "{F14CB63E-3F13-4FF7-9CDD-6D41BCB1F3A3}"
EndProject
Project("{9A19103F-16F7-4668-BE54-9A1E7A4F7556}") = "P7Corp.IdentityServer4.RequestTracker.Core", "IdentityServer4.RequestTracker.Core\P7Corp.IdentityServer4.RequestTracker.Core.csproj", "{BB0784EF-1E50-4DBB-9649-9A5AB16D42E3}"
EndProject
Project("{2150E333-8FDC-42A3-9474-1A3956D46DE8}") = "IdentityServer4", "IdentityServer4", "{521AD0E2-C41D-43B9-AFED-F1055223E1CC}"
EndProject
Project("{2150E333-8FDC-42A3-9474-1A3956D46DE8}") = "2.3.0", "2.3.0", "{3E08DCCE-2FF7-46D1-81D4-1D00561DA05D}"
EndProject
Project("{9A19103F-16F7-4668-BE54-9A1E7A4F7556}") = "P7Corp.MultiRefreshTokenSameSubjectSameClientIdWorkAround", "MultiRefreshTokenSameSubjectSameClientIdWorkAround\P7Corp.MultiRefreshTokenSameSubjectSameClientIdWorkAround.csproj", "{804EBF7E-D3FF-4ACF-AA9B-78D41EFDE012}"
EndProject
Project("{9A19103F-16F7-4668-BE54-9A1E7A4F7556}") = "P7Corp.KeyVaultTokenCreateService", "KeyVaultTokenCreateService\P7Corp.KeyVaultTokenCreateService.csproj", "{DB216B26-DD1E-4D6F-8FE6-D52093568A1C}"
EndProject
Project("{9A19103F-16F7-4668-BE54-9A1E7A4F7556}") = "P7Corp.ArbitraryIdentityExtensionGrant", "ArbitraryIdentityExtensionGrant\P7Corp.ArbitraryIdentityExtensionGrant.csproj", "{0E9F586F-E7C9-4983-9562-777A13C5D059}"
EndProject
Project("{9A19103F-16F7-4668-BE54-9A1E7A4F7556}") = "P7Corp.IdentityModelExtras", "IdentityModelExtras\P7Corp.IdentityModelExtras.csproj", "{04EA1339-45F1-4EF8-B366-F336D9FCAAB2}"
EndProject
Project("{2150E333-8FDC-42A3-9474-1A3956D46DE8}") = "Extension Grants", "Extension Grants", "{3FC4B33C-6AA0-44C8-983E-9FB2A1ED3D9D}"
EndProject
Project("{9A19103F-16F7-4668-BE54-9A1E7A4F7556}") = "P7Corp.ArbitraryNoSubjectExtensionGrant", "ArbitraryNoSubjectExtensionGrant\P7Corp.ArbitraryNoSubjectExtensionGrant.csproj", "{69F21662-F11F-49D5-B515-BAD807A15F46}"
EndProject
Project("{9A19103F-16F7-4668-BE54-9A1E7A4F7556}") = "P7Corp.ArbitraryResourceOwnerExtensionGrant", "ArbitraryResourceOwnerExtensionGrant\P7Corp.ArbitraryResourceOwnerExtensionGrant.csproj", "{65E61C64-20A3-4A0A-AEE9-5F66FACC50B0}"
EndProject
Project("{9A19103F-16F7-4668-BE54-9A1E7A4F7556}") = "InternalizeIdentityServerApp", "InternalizeIdentityServerApp\InternalizeIdentityServerApp.csproj", "{8ACFCDF1-6159-4860-BD23-943C043CA66E}"
EndProject
Project("{2150E333-8FDC-42A3-9474-1A3956D46DE8}") = "Host", "Host", "{BB768E22-16C9-4F67-887E-73A13970268B}"
EndProject
Project("{9A19103F-16F7-4668-BE54-9A1E7A4F7556}") = "P7Corp.IdentityServer4ExtensionGrants.RollupShadow", "IdentityServer4ExtensionGrants.RollupShadow\P7Corp.IdentityServer4ExtensionGrants.RollupShadow.csproj", "{B3434E39-8D15-476C-B1A6-D7B83EA9FD7C}"
EndProject
Project("{2150E333-8FDC-42A3-9474-1A3956D46DE8}") = "Tools", "Tools", "{8A18F75D-85A9-472E-B4F6-16D91FB6C447}"
	ProjectSection(SolutionItems) = preProject
		..\tools\repack.ps1 = ..\tools\repack.ps1
	EndProjectSection
EndProject
Project("{2150E333-8FDC-42A3-9474-1A3956D46DE8}") = "Solution Items", "Solution Items", "{A98D932D-F011-469F-9B43-1C3CC1FBB9C7}"
	ProjectSection(SolutionItems) = preProject
		..\appveyor.yml = ..\appveyor.yml
		..\azure-pipelines.yml = ..\azure-pipelines.yml
	EndProjectSection
EndProject
Project("{2150E333-8FDC-42A3-9474-1A3956D46DE8}") = "Tests", "Tests", "{6F83F779-7BFA-434F-A8D9-B063A43F6F23}"
EndProject
Project("{9A19103F-16F7-4668-BE54-9A1E7A4F7556}") = "P7Corp.IdentityServer4ExtensionGrants.Rollup", "IdentityServer4ExtensionGrants.Rollup\P7Corp.IdentityServer4ExtensionGrants.Rollup.csproj", "{1E968902-57E6-42AE-BC51-28DAB07AED37}"
EndProject
Project("{2150E333-8FDC-42A3-9474-1A3956D46DE8}") = "2.4.0", "2.4.0", "{A25C2A9E-076A-4D86-9793-A77DA034BA00}"
EndProject
Project("{9A19103F-16F7-4668-BE54-9A1E7A4F7556}") = "P7Corp.IdentityServer4", "IdentityServer4Source\2.4.0\IdentityServer4\P7Corp.IdentityServer4.csproj", "{D247D230-D522-4760-8679-948419B6EB2A}"
EndProject
Project("{9A19103F-16F7-4668-BE54-9A1E7A4F7556}") = "P7Corp.IdentityServer4.Contrib.RedisStore", "IdentityServer4.Contrib.RedisStore\P7Corp.IdentityServer4.Contrib.RedisStore.csproj", "{10109803-38AB-4BDE-A81B-CF257315C371}"
EndProject
Project("{9A19103F-16F7-4668-BE54-9A1E7A4F7556}") = "P7Corp.P7Core", "IdentityServer4ExtensionGrants.P7Core\P7Corp.P7Core.csproj", "{87D816BA-E6BF-4A0F-A890-E328BC7AD43E}"
EndProject
Project("{2150E333-8FDC-42A3-9474-1A3956D46DE8}") = "Rollups", "Rollups", "{84F7532F-F149-47D2-960E-F435BB74AFF2}"
EndProject
Project("{9A19103F-16F7-4668-BE54-9A1E7A4F7556}") = "P7Corp.P7CoreWebApp", "P7Corp.P7CoreWebApp\P7Corp.P7CoreWebApp.csproj", "{0DC2D077-1664-4872-BB22-ED81A1089BEE}"
EndProject
Project("{9A19103F-16F7-4668-BE54-9A1E7A4F7556}") = "XUnitHelpers", "XUnitHelpers\XUnitHelpers.csproj", "{A1413C88-2065-4308-9D09-F33D5710FB17}"
EndProject
Project("{9A19103F-16F7-4668-BE54-9A1E7A4F7556}") = "XUnitTest_P7Corp.P7CoreWebApp", "XUnitTest_P7Corp.P7CoreWebApp\XUnitTest_P7Corp.P7CoreWebApp.csproj", "{88EED941-8F00-47ED-953D-238AC2CDC189}"
EndProject
Project("{9A19103F-16F7-4668-BE54-9A1E7A4F7556}") = "XUnitTestProject_P7CorpP7Core", "XUnitTestProject_P7CorpP7Core\XUnitTestProject_P7CorpP7Core.csproj", "{56F9FC64-02B3-4A20-9751-1956FB78F5A6}"
EndProject
Project("{9A19103F-16F7-4668-BE54-9A1E7A4F7556}") = "XUnitTestProject_ExtensionGrantsApp", "XUnitTestProject_ExtensionGrantsApp\XUnitTestProject_ExtensionGrantsApp.csproj", "{450A590F-A9B0-4D3B-9ED4-705C1575DE2D}"
EndProject
Project("{2150E333-8FDC-42A3-9474-1A3956D46DE8}") = "Cosmonaut", "Cosmonaut", "{996D8EA8-7BDB-4DD9-87EE-5047CC2C0CE5}"
EndProject
Project("{9A19103F-16F7-4668-BE54-9A1E7A4F7556}") = "Cosmonaut", "cosmonaut\Cosmonaut\Cosmonaut.csproj", "{2FCE4CF6-C1C1-4373-B0C3-FB30F116370A}"
EndProject
Project("{9A19103F-16F7-4668-BE54-9A1E7A4F7556}") = "Cosmonaut.Extensions.Microsoft.DependencyInjection", "cosmonaut\Cosmonaut.Extensions.Microsoft.DependencyInjection\Cosmonaut.Extensions.Microsoft.DependencyInjection.csproj", "{09112961-BAA5-431E-9260-6344EDED5C63}"
EndProject
Project("{9A19103F-16F7-4668-BE54-9A1E7A4F7556}") = "IdentityServer4.Contrib.Cosmonaut", "cosmonaut\IdentityServer4.Contrib.Cosmonaut\IdentityServer4.Contrib.Cosmonaut.csproj", "{113065DD-C21B-44AC-9719-E0305FA6CCF4}"
EndProject
Project("{9A19103F-16F7-4668-BE54-9A1E7A4F7556}") = "XUnitTest_IdentityServer4.Contrib.Cosmonaut", "cosmonaut\XUnitTest_IdentityServer4.Contrib.Cosmonaut\XUnitTest_IdentityServer4.Contrib.Cosmonaut.csproj", "{0CD495C8-1291-49FA-AC68-2C892E6D951D}"
EndProject
Project("{9A19103F-16F7-4668-BE54-9A1E7A4F7556}") = "IdentityServer4.Contrib.Cosmonaut.Rollup", "cosmonaut\IdentityServer4.Contrib.Cosmonaut.Rollup\IdentityServer4.Contrib.Cosmonaut.Rollup.csproj", "{B3EA9403-3AC8-4E41-9F32-45361F2FF690}"
EndProject
Global
	GlobalSection(SolutionConfigurationPlatforms) = preSolution
		Debug|Any CPU = Debug|Any CPU
		Release|Any CPU = Release|Any CPU
	EndGlobalSection
	GlobalSection(ProjectConfigurationPlatforms) = postSolution
		{F14CB63E-3F13-4FF7-9CDD-6D41BCB1F3A3}.Debug|Any CPU.ActiveCfg = Debug|Any CPU
		{F14CB63E-3F13-4FF7-9CDD-6D41BCB1F3A3}.Debug|Any CPU.Build.0 = Debug|Any CPU
		{F14CB63E-3F13-4FF7-9CDD-6D41BCB1F3A3}.Release|Any CPU.ActiveCfg = Release|Any CPU
		{F14CB63E-3F13-4FF7-9CDD-6D41BCB1F3A3}.Release|Any CPU.Build.0 = Release|Any CPU
		{BB0784EF-1E50-4DBB-9649-9A5AB16D42E3}.Debug|Any CPU.ActiveCfg = Debug|Any CPU
		{BB0784EF-1E50-4DBB-9649-9A5AB16D42E3}.Debug|Any CPU.Build.0 = Debug|Any CPU
		{BB0784EF-1E50-4DBB-9649-9A5AB16D42E3}.Release|Any CPU.ActiveCfg = Release|Any CPU
		{BB0784EF-1E50-4DBB-9649-9A5AB16D42E3}.Release|Any CPU.Build.0 = Release|Any CPU
		{804EBF7E-D3FF-4ACF-AA9B-78D41EFDE012}.Debug|Any CPU.ActiveCfg = Debug|Any CPU
		{804EBF7E-D3FF-4ACF-AA9B-78D41EFDE012}.Debug|Any CPU.Build.0 = Debug|Any CPU
		{804EBF7E-D3FF-4ACF-AA9B-78D41EFDE012}.Release|Any CPU.ActiveCfg = Release|Any CPU
		{804EBF7E-D3FF-4ACF-AA9B-78D41EFDE012}.Release|Any CPU.Build.0 = Release|Any CPU
		{DB216B26-DD1E-4D6F-8FE6-D52093568A1C}.Debug|Any CPU.ActiveCfg = Debug|Any CPU
		{DB216B26-DD1E-4D6F-8FE6-D52093568A1C}.Debug|Any CPU.Build.0 = Debug|Any CPU
		{DB216B26-DD1E-4D6F-8FE6-D52093568A1C}.Release|Any CPU.ActiveCfg = Release|Any CPU
		{DB216B26-DD1E-4D6F-8FE6-D52093568A1C}.Release|Any CPU.Build.0 = Release|Any CPU
		{0E9F586F-E7C9-4983-9562-777A13C5D059}.Debug|Any CPU.ActiveCfg = Debug|Any CPU
		{0E9F586F-E7C9-4983-9562-777A13C5D059}.Debug|Any CPU.Build.0 = Debug|Any CPU
		{0E9F586F-E7C9-4983-9562-777A13C5D059}.Release|Any CPU.ActiveCfg = Release|Any CPU
		{0E9F586F-E7C9-4983-9562-777A13C5D059}.Release|Any CPU.Build.0 = Release|Any CPU
		{04EA1339-45F1-4EF8-B366-F336D9FCAAB2}.Debug|Any CPU.ActiveCfg = Debug|Any CPU
		{04EA1339-45F1-4EF8-B366-F336D9FCAAB2}.Debug|Any CPU.Build.0 = Debug|Any CPU
		{04EA1339-45F1-4EF8-B366-F336D9FCAAB2}.Release|Any CPU.ActiveCfg = Release|Any CPU
		{04EA1339-45F1-4EF8-B366-F336D9FCAAB2}.Release|Any CPU.Build.0 = Release|Any CPU
		{69F21662-F11F-49D5-B515-BAD807A15F46}.Debug|Any CPU.ActiveCfg = Debug|Any CPU
		{69F21662-F11F-49D5-B515-BAD807A15F46}.Debug|Any CPU.Build.0 = Debug|Any CPU
		{69F21662-F11F-49D5-B515-BAD807A15F46}.Release|Any CPU.ActiveCfg = Release|Any CPU
		{69F21662-F11F-49D5-B515-BAD807A15F46}.Release|Any CPU.Build.0 = Release|Any CPU
		{65E61C64-20A3-4A0A-AEE9-5F66FACC50B0}.Debug|Any CPU.ActiveCfg = Debug|Any CPU
		{65E61C64-20A3-4A0A-AEE9-5F66FACC50B0}.Debug|Any CPU.Build.0 = Debug|Any CPU
		{65E61C64-20A3-4A0A-AEE9-5F66FACC50B0}.Release|Any CPU.ActiveCfg = Release|Any CPU
		{65E61C64-20A3-4A0A-AEE9-5F66FACC50B0}.Release|Any CPU.Build.0 = Release|Any CPU
		{8ACFCDF1-6159-4860-BD23-943C043CA66E}.Debug|Any CPU.ActiveCfg = Debug|Any CPU
		{8ACFCDF1-6159-4860-BD23-943C043CA66E}.Debug|Any CPU.Build.0 = Debug|Any CPU
		{8ACFCDF1-6159-4860-BD23-943C043CA66E}.Release|Any CPU.ActiveCfg = Release|Any CPU
		{8ACFCDF1-6159-4860-BD23-943C043CA66E}.Release|Any CPU.Build.0 = Release|Any CPU
		{B3434E39-8D15-476C-B1A6-D7B83EA9FD7C}.Debug|Any CPU.ActiveCfg = Debug|Any CPU
		{B3434E39-8D15-476C-B1A6-D7B83EA9FD7C}.Debug|Any CPU.Build.0 = Debug|Any CPU
		{B3434E39-8D15-476C-B1A6-D7B83EA9FD7C}.Release|Any CPU.ActiveCfg = Release|Any CPU
		{B3434E39-8D15-476C-B1A6-D7B83EA9FD7C}.Release|Any CPU.Build.0 = Release|Any CPU
		{1E968902-57E6-42AE-BC51-28DAB07AED37}.Debug|Any CPU.ActiveCfg = Debug|Any CPU
		{1E968902-57E6-42AE-BC51-28DAB07AED37}.Debug|Any CPU.Build.0 = Debug|Any CPU
		{1E968902-57E6-42AE-BC51-28DAB07AED37}.Release|Any CPU.ActiveCfg = Release|Any CPU
		{1E968902-57E6-42AE-BC51-28DAB07AED37}.Release|Any CPU.Build.0 = Release|Any CPU
		{D247D230-D522-4760-8679-948419B6EB2A}.Debug|Any CPU.ActiveCfg = Debug|Any CPU
		{D247D230-D522-4760-8679-948419B6EB2A}.Debug|Any CPU.Build.0 = Debug|Any CPU
		{D247D230-D522-4760-8679-948419B6EB2A}.Release|Any CPU.ActiveCfg = Release|Any CPU
		{D247D230-D522-4760-8679-948419B6EB2A}.Release|Any CPU.Build.0 = Release|Any CPU
		{10109803-38AB-4BDE-A81B-CF257315C371}.Debug|Any CPU.ActiveCfg = Debug|Any CPU
		{10109803-38AB-4BDE-A81B-CF257315C371}.Debug|Any CPU.Build.0 = Debug|Any CPU
		{10109803-38AB-4BDE-A81B-CF257315C371}.Release|Any CPU.ActiveCfg = Release|Any CPU
		{10109803-38AB-4BDE-A81B-CF257315C371}.Release|Any CPU.Build.0 = Release|Any CPU
		{87D816BA-E6BF-4A0F-A890-E328BC7AD43E}.Debug|Any CPU.ActiveCfg = Debug|Any CPU
		{87D816BA-E6BF-4A0F-A890-E328BC7AD43E}.Debug|Any CPU.Build.0 = Debug|Any CPU
		{87D816BA-E6BF-4A0F-A890-E328BC7AD43E}.Release|Any CPU.ActiveCfg = Release|Any CPU
		{87D816BA-E6BF-4A0F-A890-E328BC7AD43E}.Release|Any CPU.Build.0 = Release|Any CPU
		{0DC2D077-1664-4872-BB22-ED81A1089BEE}.Debug|Any CPU.ActiveCfg = Debug|Any CPU
		{0DC2D077-1664-4872-BB22-ED81A1089BEE}.Debug|Any CPU.Build.0 = Debug|Any CPU
		{0DC2D077-1664-4872-BB22-ED81A1089BEE}.Release|Any CPU.ActiveCfg = Release|Any CPU
		{0DC2D077-1664-4872-BB22-ED81A1089BEE}.Release|Any CPU.Build.0 = Release|Any CPU
		{A1413C88-2065-4308-9D09-F33D5710FB17}.Debug|Any CPU.ActiveCfg = Debug|Any CPU
		{A1413C88-2065-4308-9D09-F33D5710FB17}.Debug|Any CPU.Build.0 = Debug|Any CPU
		{A1413C88-2065-4308-9D09-F33D5710FB17}.Release|Any CPU.ActiveCfg = Release|Any CPU
		{A1413C88-2065-4308-9D09-F33D5710FB17}.Release|Any CPU.Build.0 = Release|Any CPU
		{88EED941-8F00-47ED-953D-238AC2CDC189}.Debug|Any CPU.ActiveCfg = Debug|Any CPU
		{88EED941-8F00-47ED-953D-238AC2CDC189}.Debug|Any CPU.Build.0 = Debug|Any CPU
		{88EED941-8F00-47ED-953D-238AC2CDC189}.Release|Any CPU.ActiveCfg = Release|Any CPU
		{88EED941-8F00-47ED-953D-238AC2CDC189}.Release|Any CPU.Build.0 = Release|Any CPU
		{56F9FC64-02B3-4A20-9751-1956FB78F5A6}.Debug|Any CPU.ActiveCfg = Debug|Any CPU
		{56F9FC64-02B3-4A20-9751-1956FB78F5A6}.Debug|Any CPU.Build.0 = Debug|Any CPU
		{56F9FC64-02B3-4A20-9751-1956FB78F5A6}.Release|Any CPU.ActiveCfg = Release|Any CPU
		{56F9FC64-02B3-4A20-9751-1956FB78F5A6}.Release|Any CPU.Build.0 = Release|Any CPU
		{450A590F-A9B0-4D3B-9ED4-705C1575DE2D}.Debug|Any CPU.ActiveCfg = Debug|Any CPU
		{450A590F-A9B0-4D3B-9ED4-705C1575DE2D}.Debug|Any CPU.Build.0 = Debug|Any CPU
		{450A590F-A9B0-4D3B-9ED4-705C1575DE2D}.Release|Any CPU.ActiveCfg = Release|Any CPU
		{450A590F-A9B0-4D3B-9ED4-705C1575DE2D}.Release|Any CPU.Build.0 = Release|Any CPU
		{2FCE4CF6-C1C1-4373-B0C3-FB30F116370A}.Debug|Any CPU.ActiveCfg = Debug|Any CPU
		{2FCE4CF6-C1C1-4373-B0C3-FB30F116370A}.Debug|Any CPU.Build.0 = Debug|Any CPU
		{2FCE4CF6-C1C1-4373-B0C3-FB30F116370A}.Release|Any CPU.ActiveCfg = Release|Any CPU
		{2FCE4CF6-C1C1-4373-B0C3-FB30F116370A}.Release|Any CPU.Build.0 = Release|Any CPU
		{09112961-BAA5-431E-9260-6344EDED5C63}.Debug|Any CPU.ActiveCfg = Debug|Any CPU
		{09112961-BAA5-431E-9260-6344EDED5C63}.Debug|Any CPU.Build.0 = Debug|Any CPU
		{09112961-BAA5-431E-9260-6344EDED5C63}.Release|Any CPU.ActiveCfg = Release|Any CPU
		{09112961-BAA5-431E-9260-6344EDED5C63}.Release|Any CPU.Build.0 = Release|Any CPU
		{113065DD-C21B-44AC-9719-E0305FA6CCF4}.Debug|Any CPU.ActiveCfg = Debug|Any CPU
		{113065DD-C21B-44AC-9719-E0305FA6CCF4}.Debug|Any CPU.Build.0 = Debug|Any CPU
		{113065DD-C21B-44AC-9719-E0305FA6CCF4}.Release|Any CPU.ActiveCfg = Release|Any CPU
		{113065DD-C21B-44AC-9719-E0305FA6CCF4}.Release|Any CPU.Build.0 = Release|Any CPU
		{0CD495C8-1291-49FA-AC68-2C892E6D951D}.Debug|Any CPU.ActiveCfg = Debug|Any CPU
		{0CD495C8-1291-49FA-AC68-2C892E6D951D}.Debug|Any CPU.Build.0 = Debug|Any CPU
		{0CD495C8-1291-49FA-AC68-2C892E6D951D}.Release|Any CPU.ActiveCfg = Release|Any CPU
		{0CD495C8-1291-49FA-AC68-2C892E6D951D}.Release|Any CPU.Build.0 = Release|Any CPU
		{B3EA9403-3AC8-4E41-9F32-45361F2FF690}.Debug|Any CPU.ActiveCfg = Debug|Any CPU
		{B3EA9403-3AC8-4E41-9F32-45361F2FF690}.Debug|Any CPU.Build.0 = Debug|Any CPU
		{B3EA9403-3AC8-4E41-9F32-45361F2FF690}.Release|Any CPU.ActiveCfg = Release|Any CPU
		{B3EA9403-3AC8-4E41-9F32-45361F2FF690}.Release|Any CPU.Build.0 = Release|Any CPU
	EndGlobalSection
	GlobalSection(SolutionProperties) = preSolution
		HideSolutionNode = FALSE
	EndGlobalSection
	GlobalSection(NestedProjects) = preSolution
		{3E08DCCE-2FF7-46D1-81D4-1D00561DA05D} = {521AD0E2-C41D-43B9-AFED-F1055223E1CC}
		{0E9F586F-E7C9-4983-9562-777A13C5D059} = {3FC4B33C-6AA0-44C8-983E-9FB2A1ED3D9D}
		{69F21662-F11F-49D5-B515-BAD807A15F46} = {3FC4B33C-6AA0-44C8-983E-9FB2A1ED3D9D}
		{65E61C64-20A3-4A0A-AEE9-5F66FACC50B0} = {3FC4B33C-6AA0-44C8-983E-9FB2A1ED3D9D}
		{8ACFCDF1-6159-4860-BD23-943C043CA66E} = {BB768E22-16C9-4F67-887E-73A13970268B}
		{B3434E39-8D15-476C-B1A6-D7B83EA9FD7C} = {84F7532F-F149-47D2-960E-F435BB74AFF2}
		{1E968902-57E6-42AE-BC51-28DAB07AED37} = {84F7532F-F149-47D2-960E-F435BB74AFF2}
		{A25C2A9E-076A-4D86-9793-A77DA034BA00} = {521AD0E2-C41D-43B9-AFED-F1055223E1CC}
		{D247D230-D522-4760-8679-948419B6EB2A} = {A25C2A9E-076A-4D86-9793-A77DA034BA00}
		{10109803-38AB-4BDE-A81B-CF257315C371} = {521AD0E2-C41D-43B9-AFED-F1055223E1CC}
		{0DC2D077-1664-4872-BB22-ED81A1089BEE} = {BB768E22-16C9-4F67-887E-73A13970268B}
		{A1413C88-2065-4308-9D09-F33D5710FB17} = {6F83F779-7BFA-434F-A8D9-B063A43F6F23}
		{88EED941-8F00-47ED-953D-238AC2CDC189} = {6F83F779-7BFA-434F-A8D9-B063A43F6F23}
		{56F9FC64-02B3-4A20-9751-1956FB78F5A6} = {6F83F779-7BFA-434F-A8D9-B063A43F6F23}
		{450A590F-A9B0-4D3B-9ED4-705C1575DE2D} = {6F83F779-7BFA-434F-A8D9-B063A43F6F23}
		{2FCE4CF6-C1C1-4373-B0C3-FB30F116370A} = {996D8EA8-7BDB-4DD9-87EE-5047CC2C0CE5}
		{09112961-BAA5-431E-9260-6344EDED5C63} = {996D8EA8-7BDB-4DD9-87EE-5047CC2C0CE5}
		{113065DD-C21B-44AC-9719-E0305FA6CCF4} = {996D8EA8-7BDB-4DD9-87EE-5047CC2C0CE5}
		{0CD495C8-1291-49FA-AC68-2C892E6D951D} = {6F83F779-7BFA-434F-A8D9-B063A43F6F23}
		{B3EA9403-3AC8-4E41-9F32-45361F2FF690} = {996D8EA8-7BDB-4DD9-87EE-5047CC2C0CE5}
	EndGlobalSection
	GlobalSection(ExtensibilityGlobals) = postSolution
		SolutionGuid = {590E5B07-5FD9-486F-A30C-D0E8F9C1F691}
	EndGlobalSection
EndGlobal
